
Microsoft Visual Studio Solution File, Format Version 12.00
# Visual Studio Version 17
VisualStudioVersion = 17.4.33213.308
MinimumVisualStudioVersion = 10.0.40219.1
Project("{FAE04EC0-301F-11D3-BF4B-00C04F79EFBC}") = "RadPay.Payments.Api", "RadPay.Payments.Api\RadPay.Payments.Api.csproj", "{C585B57D-2577-45F7-9BD8-19E7A4310662}"
EndProject
Global
	GlobalSection(SolutionConfigurationPlatforms) = preSolution
		Debug|Any CPU = Debug|Any CPU
		Release|Any CPU = Release|Any CPU
	EndGlobalSection
	GlobalSection(ProjectConfigurationPlatforms) = postSolution
		{C585B57D-2577-45F7-9BD8-19E7A4310662}.Debug|Any CPU.ActiveCfg = Debug|Any CPU
		{C585B57D-2577-45F7-9BD8-19E7A4310662}.Debug|Any CPU.Build.0 = Debug|Any CPU
		{C585B57D-2577-45F7-9BD8-19E7A4310662}.Release|Any CPU.ActiveCfg = Release|Any CPU
		{C585B57D-2577-45F7-9BD8-19E7A4310662}.Release|Any CPU.Build.0 = Release|Any CPU
	EndGlobalSection
	GlobalSection(SolutionProperties) = preSolution
		HideSolutionNode = FALSE
	EndGlobalSection
	GlobalSection(ExtensibilityGlobals) = postSolution
		SolutionGuid = {C4B91D5D-BAF3-4554-B7D7-14CFA37A6EF4}
	EndGlobalSection
EndGlobal
